
Microsoft Visual Studio Solution File, Format Version 12.00
# Visual Studio Version 17
VisualStudioVersion = 17.10.35004.147
MinimumVisualStudioVersion = 10.0.40219.1
Project("{2150E333-8FDC-42A3-9474-1A3956D46DE8}") = "Design", "Design", "{182A86B1-D5D0-46F1-B503-02D29FB125BD}"
	ProjectSection(SolutionItems) = preProject
		Design\DesignSummary.xlsx = Design\DesignSummary.xlsx
		TextFile1.txt = TextFile1.txt
	EndProjectSection
EndProject
Project("{2150E333-8FDC-42A3-9474-1A3956D46DE8}") = "Src", "Src", "{62E552C3-BD37-4E7E-855A-34345833D260}"
EndProject
Project("{9A19103F-16F7-4668-BE54-9A1E7A4F7556}") = "RocketShop.Database", "Src\RocketShop.Database\RocketShop.Database.csproj", "{16C6B7D1-5C12-4C7F-8A55-D5F2A1191C48}"
EndProject
Project("{9A19103F-16F7-4668-BE54-9A1E7A4F7556}") = "RocketShop.Framework", "Src\RocketShop.Framework\RocketShop.Framework.csproj", "{FA7CB0CB-B291-4059-8CE7-8D241FBFEAE5}"
EndProject
Project("{9A19103F-16F7-4668-BE54-9A1E7A4F7556}") = "RocketShop.Identity", "Src\RocketShop.Identity\RocketShop.Identity.csproj", "{83ADDF04-97E5-4B9C-9A09-75E939C87CB1}"
EndProject
Project("{9A19103F-16F7-4668-BE54-9A1E7A4F7556}") = "RocketShop.Migration", "Src\RocketShop.Migration\RocketShop.Migration.csproj", "{49723233-3167-4731-97C5-DDBA29F64065}"
EndProject
Project("{9A19103F-16F7-4668-BE54-9A1E7A4F7556}") = "RocketShop.Shared", "Src\RocketShop.Shared\RocketShop.Shared.csproj", "{41ACB2CD-4E8E-4C2F-916A-1679A8843719}"
EndProject
Project("{9A19103F-16F7-4668-BE54-9A1E7A4F7556}") = "RocketShop.DomainCenter", "Src\RocketShop.DomainCenter\RocketShop.DomainCenter.csproj", "{451B3AD3-F5E6-4787-B005-87A5FFF0F78B}"
EndProject
Project("{9A19103F-16F7-4668-BE54-9A1E7A4F7556}") = "RocketShop.HR", "Src\RocketShop.HR\RocketShop.HR.csproj", "{E088FA48-56E9-4777-9054-37CA1E13FC2E}"
EndProject
Project("{2150E333-8FDC-42A3-9474-1A3956D46DE8}") = "Test", "Test", "{F405D7CF-29F6-45F7-B3EB-CA6214A8B285}"
EndProject
Project("{9A19103F-16F7-4668-BE54-9A1E7A4F7556}") = "RocketShop.Test", "Test\RocketShop.Test\RocketShop.Test.csproj", "{12F28E5B-9284-4F56-BA3D-90BF1F25AB60}"
EndProject
Project("{9A19103F-16F7-4668-BE54-9A1E7A4F7556}") = "RocketShop.SharedBlazor", "Src\RocketShop.SharedBlazor\RocketShop.SharedBlazor.csproj", "{A2EDB4D5-3791-4F4D-9C24-335937D86E43}"
EndProject
Project("{9A19103F-16F7-4668-BE54-9A1E7A4F7556}") = "RocketShop.IntegrationTest", "Test\RocketShop.IntegrationTest\RocketShop.IntegrationTest.csproj", "{12887B53-611B-4CDB-A591-E470D840A539}"
EndProject
Global
	GlobalSection(SolutionConfigurationPlatforms) = preSolution
		Debug|Any CPU = Debug|Any CPU
		Release|Any CPU = Release|Any CPU
	EndGlobalSection
	GlobalSection(ProjectConfigurationPlatforms) = postSolution
		{16C6B7D1-5C12-4C7F-8A55-D5F2A1191C48}.Debug|Any CPU.ActiveCfg = Debug|Any CPU
		{16C6B7D1-5C12-4C7F-8A55-D5F2A1191C48}.Debug|Any CPU.Build.0 = Debug|Any CPU
		{16C6B7D1-5C12-4C7F-8A55-D5F2A1191C48}.Release|Any CPU.ActiveCfg = Release|Any CPU
		{16C6B7D1-5C12-4C7F-8A55-D5F2A1191C48}.Release|Any CPU.Build.0 = Release|Any CPU
		{FA7CB0CB-B291-4059-8CE7-8D241FBFEAE5}.Debug|Any CPU.ActiveCfg = Debug|Any CPU
		{FA7CB0CB-B291-4059-8CE7-8D241FBFEAE5}.Debug|Any CPU.Build.0 = Debug|Any CPU
		{FA7CB0CB-B291-4059-8CE7-8D241FBFEAE5}.Release|Any CPU.ActiveCfg = Release|Any CPU
		{FA7CB0CB-B291-4059-8CE7-8D241FBFEAE5}.Release|Any CPU.Build.0 = Release|Any CPU
		{83ADDF04-97E5-4B9C-9A09-75E939C87CB1}.Debug|Any CPU.ActiveCfg = Debug|Any CPU
		{83ADDF04-97E5-4B9C-9A09-75E939C87CB1}.Debug|Any CPU.Build.0 = Debug|Any CPU
		{83ADDF04-97E5-4B9C-9A09-75E939C87CB1}.Release|Any CPU.ActiveCfg = Release|Any CPU
		{83ADDF04-97E5-4B9C-9A09-75E939C87CB1}.Release|Any CPU.Build.0 = Release|Any CPU
		{49723233-3167-4731-97C5-DDBA29F64065}.Debug|Any CPU.ActiveCfg = Debug|Any CPU
		{49723233-3167-4731-97C5-DDBA29F64065}.Debug|Any CPU.Build.0 = Debug|Any CPU
		{49723233-3167-4731-97C5-DDBA29F64065}.Release|Any CPU.ActiveCfg = Release|Any CPU
		{49723233-3167-4731-97C5-DDBA29F64065}.Release|Any CPU.Build.0 = Release|Any CPU
		{41ACB2CD-4E8E-4C2F-916A-1679A8843719}.Debug|Any CPU.ActiveCfg = Debug|Any CPU
		{41ACB2CD-4E8E-4C2F-916A-1679A8843719}.Debug|Any CPU.Build.0 = Debug|Any CPU
		{41ACB2CD-4E8E-4C2F-916A-1679A8843719}.Release|Any CPU.ActiveCfg = Release|Any CPU
		{41ACB2CD-4E8E-4C2F-916A-1679A8843719}.Release|Any CPU.Build.0 = Release|Any CPU
		{451B3AD3-F5E6-4787-B005-87A5FFF0F78B}.Debug|Any CPU.ActiveCfg = Debug|Any CPU
		{451B3AD3-F5E6-4787-B005-87A5FFF0F78B}.Debug|Any CPU.Build.0 = Debug|Any CPU
		{451B3AD3-F5E6-4787-B005-87A5FFF0F78B}.Release|Any CPU.ActiveCfg = Release|Any CPU
		{451B3AD3-F5E6-4787-B005-87A5FFF0F78B}.Release|Any CPU.Build.0 = Release|Any CPU
		{E088FA48-56E9-4777-9054-37CA1E13FC2E}.Debug|Any CPU.ActiveCfg = Debug|Any CPU
		{E088FA48-56E9-4777-9054-37CA1E13FC2E}.Debug|Any CPU.Build.0 = Debug|Any CPU
		{E088FA48-56E9-4777-9054-37CA1E13FC2E}.Release|Any CPU.ActiveCfg = Release|Any CPU
		{E088FA48-56E9-4777-9054-37CA1E13FC2E}.Release|Any CPU.Build.0 = Release|Any CPU
		{12F28E5B-9284-4F56-BA3D-90BF1F25AB60}.Debug|Any CPU.ActiveCfg = Debug|Any CPU
		{12F28E5B-9284-4F56-BA3D-90BF1F25AB60}.Debug|Any CPU.Build.0 = Debug|Any CPU
		{12F28E5B-9284-4F56-BA3D-90BF1F25AB60}.Release|Any CPU.ActiveCfg = Release|Any CPU
		{12F28E5B-9284-4F56-BA3D-90BF1F25AB60}.Release|Any CPU.Build.0 = Release|Any CPU
		{A2EDB4D5-3791-4F4D-9C24-335937D86E43}.Debug|Any CPU.ActiveCfg = Debug|Any CPU
		{A2EDB4D5-3791-4F4D-9C24-335937D86E43}.Debug|Any CPU.Build.0 = Debug|Any CPU
		{A2EDB4D5-3791-4F4D-9C24-335937D86E43}.Release|Any CPU.ActiveCfg = Release|Any CPU
		{A2EDB4D5-3791-4F4D-9C24-335937D86E43}.Release|Any CPU.Build.0 = Release|Any CPU
		{12887B53-611B-4CDB-A591-E470D840A539}.Debug|Any CPU.ActiveCfg = Debug|Any CPU
		{12887B53-611B-4CDB-A591-E470D840A539}.Debug|Any CPU.Build.0 = Debug|Any CPU
		{12887B53-611B-4CDB-A591-E470D840A539}.Release|Any CPU.ActiveCfg = Release|Any CPU
		{12887B53-611B-4CDB-A591-E470D840A539}.Release|Any CPU.Build.0 = Release|Any CPU
	EndGlobalSection
	GlobalSection(SolutionProperties) = preSolution
		HideSolutionNode = FALSE
	EndGlobalSection
	GlobalSection(NestedProjects) = preSolution
		{16C6B7D1-5C12-4C7F-8A55-D5F2A1191C48} = {62E552C3-BD37-4E7E-855A-34345833D260}
		{FA7CB0CB-B291-4059-8CE7-8D241FBFEAE5} = {62E552C3-BD37-4E7E-855A-34345833D260}
		{83ADDF04-97E5-4B9C-9A09-75E939C87CB1} = {62E552C3-BD37-4E7E-855A-34345833D260}
		{49723233-3167-4731-97C5-DDBA29F64065} = {62E552C3-BD37-4E7E-855A-34345833D260}
		{41ACB2CD-4E8E-4C2F-916A-1679A8843719} = {62E552C3-BD37-4E7E-855A-34345833D260}
		{451B3AD3-F5E6-4787-B005-87A5FFF0F78B} = {62E552C3-BD37-4E7E-855A-34345833D260}
		{E088FA48-56E9-4777-9054-37CA1E13FC2E} = {62E552C3-BD37-4E7E-855A-34345833D260}
		{12F28E5B-9284-4F56-BA3D-90BF1F25AB60} = {F405D7CF-29F6-45F7-B3EB-CA6214A8B285}
		{A2EDB4D5-3791-4F4D-9C24-335937D86E43} = {62E552C3-BD37-4E7E-855A-34345833D260}
		{12887B53-611B-4CDB-A591-E470D840A539} = {F405D7CF-29F6-45F7-B3EB-CA6214A8B285}
	EndGlobalSection
	GlobalSection(ExtensibilityGlobals) = postSolution
		SolutionGuid = {4D12E384-EE12-4581-B12B-F75B41D9F8C6}
	EndGlobalSection
EndGlobal
